
Microsoft Visual Studio Solution File, Format Version 12.00
# Visual Studio Version 16
VisualStudioVersion = 16.0.30517.126
MinimumVisualStudioVersion = 10.0.40219.1
Project("{FAE04EC0-301F-11D3-BF4B-00C04F79EFBC}") = "Day1_1", "Day1_1\Day1_1.csproj", "{5044A02B-DCB9-4D0C-B330-C5B0F62D6935}"
EndProject
Project("{FAE04EC0-301F-11D3-BF4B-00C04F79EFBC}") = "Day1_2", "Day1_2\Day1_2.csproj", "{0EFC6C98-3F89-4930-8B72-3892403794C6}"
EndProject
Project("{FAE04EC0-301F-11D3-BF4B-00C04F79EFBC}") = "Day2_1", "Day2_1\Day2_1.csproj", "{DD22F6E2-9888-4E91-A518-CAE0FDA99AFD}"
EndProject
Project("{9A19103F-16F7-4668-BE54-9A1E7A4F7556}") = "Day2_2", "Day2_2\Day2_2.csproj", "{3643ED02-D999-4605-ABF6-9C6145565FDC}"
EndProject
Project("{FAE04EC0-301F-11D3-BF4B-00C04F79EFBC}") = "Day3_1", "Day3_1\Day3_1.csproj", "{DADF75B9-C893-4C34-89BE-F37002036FAF}"
EndProject
Project("{FAE04EC0-301F-11D3-BF4B-00C04F79EFBC}") = "Day3_2", "Day3_2\Day3_2.csproj", "{7235A4D0-60C8-4C5C-A797-54FF5AB01FF3}"
EndProject
Project("{FAE04EC0-301F-11D3-BF4B-00C04F79EFBC}") = "Day4_1", "Day4_1\Day4_1.csproj", "{DC60DABF-80A1-4E17-B6E6-F2AF782273BD}"
EndProject
Project("{FAE04EC0-301F-11D3-BF4B-00C04F79EFBC}") = "Day5_1", "Day5_1\Day5_1.csproj", "{257CE6A9-CBDE-4070-802A-EC7BD9228773}"
EndProject
Project("{FAE04EC0-301F-11D3-BF4B-00C04F79EFBC}") = "Day6_1", "Day6_1\Day6_1.csproj", "{D2888C15-D327-498F-82E1-F5ECA9CCBEEA}"
EndProject
Project("{FAE04EC0-301F-11D3-BF4B-00C04F79EFBC}") = "Day7_1", "Day7_1\Day7_1.csproj", "{B2FC89CB-7F60-4477-A31A-B86C51EDFADA}"
EndProject
Project("{FAE04EC0-301F-11D3-BF4B-00C04F79EFBC}") = "Day8_1", "Day8_1\Day8_1.csproj", "{5E8CBE92-5465-4E09-B467-818839350A8A}"
EndProject
Project("{FAE04EC0-301F-11D3-BF4B-00C04F79EFBC}") = "Day9", "Day9\Day9.csproj", "{1AE4251E-55AB-439F-BBE3-0E24F53FEB1A}"
EndProject
Project("{FAE04EC0-301F-11D3-BF4B-00C04F79EFBC}") = "Day10", "Day10\Day10.csproj", "{A1A10431-C70F-4274-8383-4E0328BA9CD5}"
EndProject
Project("{FAE04EC0-301F-11D3-BF4B-00C04F79EFBC}") = "Day11", "Day11\Day11.csproj", "{E1E7F756-69D4-460B-819F-87574C09A0E0}"
EndProject
Project("{FAE04EC0-301F-11D3-BF4B-00C04F79EFBC}") = "Day12", "Day12\Day12.csproj", "{0992608C-1CCA-4A1E-8506-CDA2664F2237}"
EndProject
Project("{FAE04EC0-301F-11D3-BF4B-00C04F79EFBC}") = "Day13", "Day13\Day13.csproj", "{E45EAD1A-C3ED-42DE-B9F3-BE213F2B8FF4}"
EndProject
Project("{FAE04EC0-301F-11D3-BF4B-00C04F79EFBC}") = "Day14", "Day14\Day14.csproj", "{0D0074AC-B23F-43E6-AA38-155F9B23EBB7}"
EndProject
Project("{FAE04EC0-301F-11D3-BF4B-00C04F79EFBC}") = "Day15", "Day15\Day15.csproj", "{94D601CB-7522-410F-A7F0-3A0FE83874F7}"
EndProject
Project("{FAE04EC0-301F-11D3-BF4B-00C04F79EFBC}") = "Day16", "Day16\Day16.csproj", "{A9D4A28D-45A3-48C7-8405-1E8C3A3C6541}"
EndProject
Project("{FAE04EC0-301F-11D3-BF4B-00C04F79EFBC}") = "Day17", "Day17\Day17.csproj", "{3730BFCB-0DB6-4A1B-84A9-F9609778168D}"
EndProject
Global
	GlobalSection(SolutionConfigurationPlatforms) = preSolution
		Debug|Any CPU = Debug|Any CPU
		Release|Any CPU = Release|Any CPU
	EndGlobalSection
	GlobalSection(ProjectConfigurationPlatforms) = postSolution
		{5044A02B-DCB9-4D0C-B330-C5B0F62D6935}.Debug|Any CPU.ActiveCfg = Debug|Any CPU
		{5044A02B-DCB9-4D0C-B330-C5B0F62D6935}.Debug|Any CPU.Build.0 = Debug|Any CPU
		{5044A02B-DCB9-4D0C-B330-C5B0F62D6935}.Release|Any CPU.ActiveCfg = Release|Any CPU
		{5044A02B-DCB9-4D0C-B330-C5B0F62D6935}.Release|Any CPU.Build.0 = Release|Any CPU
		{0EFC6C98-3F89-4930-8B72-3892403794C6}.Debug|Any CPU.ActiveCfg = Debug|Any CPU
		{0EFC6C98-3F89-4930-8B72-3892403794C6}.Debug|Any CPU.Build.0 = Debug|Any CPU
		{0EFC6C98-3F89-4930-8B72-3892403794C6}.Release|Any CPU.ActiveCfg = Release|Any CPU
		{0EFC6C98-3F89-4930-8B72-3892403794C6}.Release|Any CPU.Build.0 = Release|Any CPU
		{DD22F6E2-9888-4E91-A518-CAE0FDA99AFD}.Debug|Any CPU.ActiveCfg = Debug|Any CPU
		{DD22F6E2-9888-4E91-A518-CAE0FDA99AFD}.Debug|Any CPU.Build.0 = Debug|Any CPU
		{DD22F6E2-9888-4E91-A518-CAE0FDA99AFD}.Release|Any CPU.ActiveCfg = Release|Any CPU
		{DD22F6E2-9888-4E91-A518-CAE0FDA99AFD}.Release|Any CPU.Build.0 = Release|Any CPU
		{3643ED02-D999-4605-ABF6-9C6145565FDC}.Debug|Any CPU.ActiveCfg = Debug|Any CPU
		{3643ED02-D999-4605-ABF6-9C6145565FDC}.Debug|Any CPU.Build.0 = Debug|Any CPU
		{3643ED02-D999-4605-ABF6-9C6145565FDC}.Release|Any CPU.ActiveCfg = Release|Any CPU
		{3643ED02-D999-4605-ABF6-9C6145565FDC}.Release|Any CPU.Build.0 = Release|Any CPU
		{DADF75B9-C893-4C34-89BE-F37002036FAF}.Debug|Any CPU.ActiveCfg = Debug|Any CPU
		{DADF75B9-C893-4C34-89BE-F37002036FAF}.Debug|Any CPU.Build.0 = Debug|Any CPU
		{DADF75B9-C893-4C34-89BE-F37002036FAF}.Release|Any CPU.ActiveCfg = Release|Any CPU
		{DADF75B9-C893-4C34-89BE-F37002036FAF}.Release|Any CPU.Build.0 = Release|Any CPU
		{7235A4D0-60C8-4C5C-A797-54FF5AB01FF3}.Debug|Any CPU.ActiveCfg = Debug|Any CPU
		{7235A4D0-60C8-4C5C-A797-54FF5AB01FF3}.Debug|Any CPU.Build.0 = Debug|Any CPU
		{7235A4D0-60C8-4C5C-A797-54FF5AB01FF3}.Release|Any CPU.ActiveCfg = Release|Any CPU
		{7235A4D0-60C8-4C5C-A797-54FF5AB01FF3}.Release|Any CPU.Build.0 = Release|Any CPU
		{DC60DABF-80A1-4E17-B6E6-F2AF782273BD}.Debug|Any CPU.ActiveCfg = Debug|Any CPU
		{DC60DABF-80A1-4E17-B6E6-F2AF782273BD}.Debug|Any CPU.Build.0 = Debug|Any CPU
		{DC60DABF-80A1-4E17-B6E6-F2AF782273BD}.Release|Any CPU.ActiveCfg = Release|Any CPU
		{DC60DABF-80A1-4E17-B6E6-F2AF782273BD}.Release|Any CPU.Build.0 = Release|Any CPU
		{257CE6A9-CBDE-4070-802A-EC7BD9228773}.Debug|Any CPU.ActiveCfg = Debug|Any CPU
		{257CE6A9-CBDE-4070-802A-EC7BD9228773}.Debug|Any CPU.Build.0 = Debug|Any CPU
		{257CE6A9-CBDE-4070-802A-EC7BD9228773}.Release|Any CPU.ActiveCfg = Release|Any CPU
		{257CE6A9-CBDE-4070-802A-EC7BD9228773}.Release|Any CPU.Build.0 = Release|Any CPU
		{D2888C15-D327-498F-82E1-F5ECA9CCBEEA}.Debug|Any CPU.ActiveCfg = Debug|Any CPU
		{D2888C15-D327-498F-82E1-F5ECA9CCBEEA}.Debug|Any CPU.Build.0 = Debug|Any CPU
		{D2888C15-D327-498F-82E1-F5ECA9CCBEEA}.Release|Any CPU.ActiveCfg = Release|Any CPU
		{D2888C15-D327-498F-82E1-F5ECA9CCBEEA}.Release|Any CPU.Build.0 = Release|Any CPU
		{B2FC89CB-7F60-4477-A31A-B86C51EDFADA}.Debug|Any CPU.ActiveCfg = Debug|Any CPU
		{B2FC89CB-7F60-4477-A31A-B86C51EDFADA}.Debug|Any CPU.Build.0 = Debug|Any CPU
		{B2FC89CB-7F60-4477-A31A-B86C51EDFADA}.Release|Any CPU.ActiveCfg = Release|Any CPU
		{B2FC89CB-7F60-4477-A31A-B86C51EDFADA}.Release|Any CPU.Build.0 = Release|Any CPU
		{5E8CBE92-5465-4E09-B467-818839350A8A}.Debug|Any CPU.ActiveCfg = Debug|Any CPU
		{5E8CBE92-5465-4E09-B467-818839350A8A}.Debug|Any CPU.Build.0 = Debug|Any CPU
		{5E8CBE92-5465-4E09-B467-818839350A8A}.Release|Any CPU.ActiveCfg = Release|Any CPU
		{5E8CBE92-5465-4E09-B467-818839350A8A}.Release|Any CPU.Build.0 = Release|Any CPU
		{1AE4251E-55AB-439F-BBE3-0E24F53FEB1A}.Debug|Any CPU.ActiveCfg = Debug|Any CPU
		{1AE4251E-55AB-439F-BBE3-0E24F53FEB1A}.Debug|Any CPU.Build.0 = Debug|Any CPU
		{1AE4251E-55AB-439F-BBE3-0E24F53FEB1A}.Release|Any CPU.ActiveCfg = Release|Any CPU
		{1AE4251E-55AB-439F-BBE3-0E24F53FEB1A}.Release|Any CPU.Build.0 = Release|Any CPU
		{A1A10431-C70F-4274-8383-4E0328BA9CD5}.Debug|Any CPU.ActiveCfg = Debug|Any CPU
		{A1A10431-C70F-4274-8383-4E0328BA9CD5}.Debug|Any CPU.Build.0 = Debug|Any CPU
		{A1A10431-C70F-4274-8383-4E0328BA9CD5}.Release|Any CPU.ActiveCfg = Release|Any CPU
		{A1A10431-C70F-4274-8383-4E0328BA9CD5}.Release|Any CPU.Build.0 = Release|Any CPU
		{E1E7F756-69D4-460B-819F-87574C09A0E0}.Debug|Any CPU.ActiveCfg = Debug|Any CPU
		{E1E7F756-69D4-460B-819F-87574C09A0E0}.Debug|Any CPU.Build.0 = Debug|Any CPU
		{E1E7F756-69D4-460B-819F-87574C09A0E0}.Release|Any CPU.ActiveCfg = Release|Any CPU
		{E1E7F756-69D4-460B-819F-87574C09A0E0}.Release|Any CPU.Build.0 = Release|Any CPU
		{0992608C-1CCA-4A1E-8506-CDA2664F2237}.Debug|Any CPU.ActiveCfg = Debug|Any CPU
		{0992608C-1CCA-4A1E-8506-CDA2664F2237}.Debug|Any CPU.Build.0 = Debug|Any CPU
		{0992608C-1CCA-4A1E-8506-CDA2664F2237}.Release|Any CPU.ActiveCfg = Release|Any CPU
		{0992608C-1CCA-4A1E-8506-CDA2664F2237}.Release|Any CPU.Build.0 = Release|Any CPU
		{E45EAD1A-C3ED-42DE-B9F3-BE213F2B8FF4}.Debug|Any CPU.ActiveCfg = Debug|Any CPU
		{E45EAD1A-C3ED-42DE-B9F3-BE213F2B8FF4}.Debug|Any CPU.Build.0 = Debug|Any CPU
		{E45EAD1A-C3ED-42DE-B9F3-BE213F2B8FF4}.Release|Any CPU.ActiveCfg = Release|Any CPU
		{E45EAD1A-C3ED-42DE-B9F3-BE213F2B8FF4}.Release|Any CPU.Build.0 = Release|Any CPU
		{0D0074AC-B23F-43E6-AA38-155F9B23EBB7}.Debug|Any CPU.ActiveCfg = Debug|Any CPU
		{0D0074AC-B23F-43E6-AA38-155F9B23EBB7}.Debug|Any CPU.Build.0 = Debug|Any CPU
		{0D0074AC-B23F-43E6-AA38-155F9B23EBB7}.Release|Any CPU.ActiveCfg = Release|Any CPU
		{0D0074AC-B23F-43E6-AA38-155F9B23EBB7}.Release|Any CPU.Build.0 = Release|Any CPU
		{94D601CB-7522-410F-A7F0-3A0FE83874F7}.Debug|Any CPU.ActiveCfg = Debug|Any CPU
		{94D601CB-7522-410F-A7F0-3A0FE83874F7}.Debug|Any CPU.Build.0 = Debug|Any CPU
		{94D601CB-7522-410F-A7F0-3A0FE83874F7}.Release|Any CPU.ActiveCfg = Release|Any CPU
		{94D601CB-7522-410F-A7F0-3A0FE83874F7}.Release|Any CPU.Build.0 = Release|Any CPU
		{A9D4A28D-45A3-48C7-8405-1E8C3A3C6541}.Debug|Any CPU.ActiveCfg = Debug|Any CPU
		{A9D4A28D-45A3-48C7-8405-1E8C3A3C6541}.Debug|Any CPU.Build.0 = Debug|Any CPU
		{A9D4A28D-45A3-48C7-8405-1E8C3A3C6541}.Release|Any CPU.ActiveCfg = Release|Any CPU
		{A9D4A28D-45A3-48C7-8405-1E8C3A3C6541}.Release|Any CPU.Build.0 = Release|Any CPU
		{3730BFCB-0DB6-4A1B-84A9-F9609778168D}.Debug|Any CPU.ActiveCfg = Debug|Any CPU
		{3730BFCB-0DB6-4A1B-84A9-F9609778168D}.Debug|Any CPU.Build.0 = Debug|Any CPU
		{3730BFCB-0DB6-4A1B-84A9-F9609778168D}.Release|Any CPU.ActiveCfg = Release|Any CPU
		{3730BFCB-0DB6-4A1B-84A9-F9609778168D}.Release|Any CPU.Build.0 = Release|Any CPU
	EndGlobalSection
	GlobalSection(SolutionProperties) = preSolution
		HideSolutionNode = FALSE
	EndGlobalSection
	GlobalSection(ExtensibilityGlobals) = postSolution
		SolutionGuid = {8969AEBD-58DB-4642-ACBE-87EBCE66C7AE}
	EndGlobalSection
EndGlobal
